
Microsoft Visual Studio Solution File, Format Version 12.00
# Visual Studio Version 17
VisualStudioVersion = 17.5.33424.131
MinimumVisualStudioVersion = 10.0.40219.1
Project("{FAE04EC0-301F-11D3-BF4B-00C04F79EFBC}") = "CookieWebsite", "CookieWebsite.csproj", "{14C9D2D2-FF71-4D18-8C29-95CF427D124C}"
EndProject
Global
	GlobalSection(SolutionConfigurationPlatforms) = preSolution
		Debug|Any CPU = Debug|Any CPU
		Release|Any CPU = Release|Any CPU
	EndGlobalSection
	GlobalSection(ProjectConfigurationPlatforms) = postSolution
		{14C9D2D2-FF71-4D18-8C29-95CF427D124C}.Debug|Any CPU.ActiveCfg = Debug|Any CPU
		{14C9D2D2-FF71-4D18-8C29-95CF427D124C}.Debug|Any CPU.Build.0 = Debug|Any CPU
		{14C9D2D2-FF71-4D18-8C29-95CF427D124C}.Release|Any CPU.ActiveCfg = Release|Any CPU
		{14C9D2D2-FF71-4D18-8C29-95CF427D124C}.Release|Any CPU.Build.0 = Release|Any CPU
	EndGlobalSection
	GlobalSection(SolutionProperties) = preSolution
		HideSolutionNode = FALSE
	EndGlobalSection
	GlobalSection(ExtensibilityGlobals) = postSolution
		SolutionGuid = {EEF413C2-5432-4D90-8D95-BC94DF82167E}
	EndGlobalSection
EndGlobal
